// !$*UTF8*$!
{
	archiveVersion = 1;
	classes = {
	};
	objectVersion = 46;
	objects = {

/* Begin PBXBuildFile section */
		A27B50B31BA60D04002904F6 /* SNES.framework in Frameworks */ = {isa = PBXBuildFile; fileRef = A27B50B21BA60CE3002904F6 /* SNES.framework */; };
		A27B50B41BA60D04002904F6 /* SNES.framework in Embed Frameworks */ = {isa = PBXBuildFile; fileRef = A27B50B21BA60CE3002904F6 /* SNES.framework */; settings = {ATTRIBUTES = (CodeSignOnCopy, RemoveHeadersOnCopy, ); }; };
		A27B50B81BA60D10002904F6 /* SNES.framework in Frameworks */ = {isa = PBXBuildFile; fileRef = A27B50B21BA60CE3002904F6 /* SNES.framework */; };
		A27B50B91BA60D10002904F6 /* SNES.framework in Embed Frameworks */ = {isa = PBXBuildFile; fileRef = A27B50B21BA60CE3002904F6 /* SNES.framework */; settings = {ATTRIBUTES = (CodeSignOnCopy, RemoveHeadersOnCopy, ); }; };
		A283D4361BA68EE7009D5512 /* SNES.framework in Frameworks */ = {isa = PBXBuildFile; fileRef = A27B50B21BA60CE3002904F6 /* SNES.framework */; };
		A2F20BF31BA5C52F0055FE0D /* AppDelegate.m in Sources */ = {isa = PBXBuildFile; fileRef = A2F20BE61BA5C52F0055FE0D /* AppDelegate.m */; };
		A2F20BF41BA5C52F0055FE0D /* AppDelegate.m in Sources */ = {isa = PBXBuildFile; fileRef = A2F20BE61BA5C52F0055FE0D /* AppDelegate.m */; };
		A2F20BF71BA5C52F0055FE0D /* ConsoleGame.m in Sources */ = {isa = PBXBuildFile; fileRef = A2F20BE91BA5C52F0055FE0D /* ConsoleGame.m */; };
		A2F20BF81BA5C52F0055FE0D /* ConsoleGame.m in Sources */ = {isa = PBXBuildFile; fileRef = A2F20BE91BA5C52F0055FE0D /* ConsoleGame.m */; };
		A2F20BF91BA5C52F0055FE0D /* SNESGameCollectionViewCell.m in Sources */ = {isa = PBXBuildFile; fileRef = A2F20BEB1BA5C52F0055FE0D /* SNESGameCollectionViewCell.m */; };
		A2F20BFA1BA5C52F0055FE0D /* SNESGameCollectionViewCell.m in Sources */ = {isa = PBXBuildFile; fileRef = A2F20BEB1BA5C52F0055FE0D /* SNESGameCollectionViewCell.m */; };
		A2F20BFB1BA5C52F0055FE0D /* SNESGameListViewController.m in Sources */ = {isa = PBXBuildFile; fileRef = A2F20BED1BA5C52F0055FE0D /* SNESGameListViewController.m */; };
		A2F20BFC1BA5C52F0055FE0D /* SNESGameListViewController.m in Sources */ = {isa = PBXBuildFile; fileRef = A2F20BED1BA5C52F0055FE0D /* SNESGameListViewController.m */; };
		A2F20BFD1BA5C52F0055FE0D /* SNESGamePlayViewController.m in Sources */ = {isa = PBXBuildFile; fileRef = A2F20BEF1BA5C52F0055FE0D /* SNESGamePlayViewController.m */; };
		A2F20BFE1BA5C52F0055FE0D /* SNESGamePlayViewController.m in Sources */ = {isa = PBXBuildFile; fileRef = A2F20BEF1BA5C52F0055FE0D /* SNESGamePlayViewController.m */; };
		A2F20C011BA5C52F0055FE0D /* SNESSelectGameStateViewController.swift in Sources */ = {isa = PBXBuildFile; fileRef = A2F20BF21BA5C52F0055FE0D /* SNESSelectGameStateViewController.swift */; };
		A2F20C021BA5C52F0055FE0D /* SNESSelectGameStateViewController.swift in Sources */ = {isa = PBXBuildFile; fileRef = A2F20BF21BA5C52F0055FE0D /* SNESSelectGameStateViewController.swift */; };
		A2F20C061BA5C5420055FE0D /* main.m in Sources */ = {isa = PBXBuildFile; fileRef = A2F20C031BA5C5420055FE0D /* main.m */; };
		A2F20C071BA5C5420055FE0D /* main.m in Sources */ = {isa = PBXBuildFile; fileRef = A2F20C031BA5C5420055FE0D /* main.m */; };
		A2F20C111BA5C8570055FE0D /* Main.storyboard in Resources */ = {isa = PBXBuildFile; fileRef = A2F20C0A1BA5C8570055FE0D /* Main.storyboard */; };
		A2F20C121BA5C8570055FE0D /* SNESGameCollectionViewCell.xib in Resources */ = {isa = PBXBuildFile; fileRef = A2F20C0B1BA5C8570055FE0D /* SNESGameCollectionViewCell.xib */; };
		A2F20C131BA5C8570055FE0D /* SNESGamePlayViewController_tvos.m in Sources */ = {isa = PBXBuildFile; fileRef = A2F20C0D1BA5C8570055FE0D /* SNESGamePlayViewController_tvos.m */; };
		A2F20C141BA5C8570055FE0D /* Assets.xcassets in Resources */ = {isa = PBXBuildFile; fileRef = A2F20C0F1BA5C8570055FE0D /* Assets.xcassets */; };
		A2F20C151BA5C8570055FE0D /* Info.plist in Resources */ = {isa = PBXBuildFile; fileRef = A2F20C101BA5C8570055FE0D /* Info.plist */; };
		A2F20C331BA5C88B0055FE0D /* SNES-DPad@2x.png in Resources */ = {isa = PBXBuildFile; fileRef = A2F20C191BA5C88B0055FE0D /* SNES-DPad@2x.png */; };
		A2F20C341BA5C88B0055FE0D /* SNESFireButtons@2x original.png in Resources */ = {isa = PBXBuildFile; fileRef = A2F20C1A1BA5C88B0055FE0D /* SNESFireButtons@2x original.png */; };
		A2F20C351BA5C88B0055FE0D /* SNESFireButtons@2x.png in Resources */ = {isa = PBXBuildFile; fileRef = A2F20C1B1BA5C88B0055FE0D /* SNESFireButtons@2x.png */; };
		A2F20C361BA5C88B0055FE0D /* SNESSelect@2x.png in Resources */ = {isa = PBXBuildFile; fileRef = A2F20C1C1BA5C88B0055FE0D /* SNESSelect@2x.png */; };
		A2F20C371BA5C88B0055FE0D /* SNESShoulderButton@2x.png in Resources */ = {isa = PBXBuildFile; fileRef = A2F20C1D1BA5C88B0055FE0D /* SNESShoulderButton@2x.png */; };
		A2F20C381BA5C88B0055FE0D /* SNESStart@2x.png in Resources */ = {isa = PBXBuildFile; fileRef = A2F20C1E1BA5C88B0055FE0D /* SNESStart@2x.png */; };
		A2F20C391BA5C88B0055FE0D /* ConsoleFireButtons.m in Sources */ = {isa = PBXBuildFile; fileRef = A2F20C231BA5C88B0055FE0D /* ConsoleFireButtons.m */; };
		A2F20C3A1BA5C88B0055FE0D /* SNESDPad.m in Sources */ = {isa = PBXBuildFile; fileRef = A2F20C271BA5C88B0055FE0D /* SNESDPad.m */; };
		A2F20C3B1BA5C88B0055FE0D /* SNESFireButtons.m in Sources */ = {isa = PBXBuildFile; fileRef = A2F20C291BA5C88B0055FE0D /* SNESFireButtons.m */; };
		A2F20C3C1BA5C88B0055FE0D /* Main.storyboard in Resources */ = {isa = PBXBuildFile; fileRef = A2F20C2A1BA5C88B0055FE0D /* Main.storyboard */; };
		A2F20C3D1BA5C88B0055FE0D /* SNESGameCollectionViewCell.xib in Resources */ = {isa = PBXBuildFile; fileRef = A2F20C2B1BA5C88B0055FE0D /* SNESGameCollectionViewCell.xib */; };
		A2F20C3E1BA5C88B0055FE0D /* SNESGamePlayViewController_iphoneos.m in Sources */ = {isa = PBXBuildFile; fileRef = A2F20C2D1BA5C88B0055FE0D /* SNESGamePlayViewController_iphoneos.m */; };
		A2F20C3F1BA5C88B0055FE0D /* SNESView.m in Sources */ = {isa = PBXBuildFile; fileRef = A2F20C2F1BA5C88B0055FE0D /* SNESView.m */; };
		A2F20C401BA5C88B0055FE0D /* Images.xcassets in Resources */ = {isa = PBXBuildFile; fileRef = A2F20C311BA5C88B0055FE0D /* Images.xcassets */; };
		A2F20C461BA5CAF20055FE0D /* CALayer+Image.swift in Sources */ = {isa = PBXBuildFile; fileRef = A2F20C441BA5CAF20055FE0D /* CALayer+Image.swift */; };
		A2F20C471BA5CAF20055FE0D /* CALayer+Image.swift in Sources */ = {isa = PBXBuildFile; fileRef = A2F20C441BA5CAF20055FE0D /* CALayer+Image.swift */; };
		A2F20C481BA5CAF20055FE0D /* SNESROMFileManager.swift in Sources */ = {isa = PBXBuildFile; fileRef = A2F20C451BA5CAF20055FE0D /* SNESROMFileManager.swift */; };
		A2F20C491BA5CAF20055FE0D /* SNESROMFileManager.swift in Sources */ = {isa = PBXBuildFile; fileRef = A2F20C451BA5CAF20055FE0D /* SNESROMFileManager.swift */; };
		C47EDC261A4F477600770F2C /* SuperNESTests.m in Sources */ = {isa = PBXBuildFile; fileRef = C47EDC251A4F477600770F2C /* SuperNESTests.m */; };
/* End PBXBuildFile section */

/* Begin PBXContainerItemProxy section */
		A27B50B11BA60CE3002904F6 /* PBXContainerItemProxy */ = {
			isa = PBXContainerItemProxy;
			containerPortal = A27B50AD1BA60CE3002904F6 /* SNES.xcodeproj */;
			proxyType = 2;
			remoteGlobalIDString = A2F20C541BA5CD580055FE0D;
			remoteInfo = SNES;
		};
		A27B50B51BA60D04002904F6 /* PBXContainerItemProxy */ = {
			isa = PBXContainerItemProxy;
			containerPortal = A27B50AD1BA60CE3002904F6 /* SNES.xcodeproj */;
			proxyType = 1;
			remoteGlobalIDString = A2F20C531BA5CD580055FE0D;
			remoteInfo = SNES;
		};
		A27B50BA1BA60D10002904F6 /* PBXContainerItemProxy */ = {
			isa = PBXContainerItemProxy;
			containerPortal = A27B50AD1BA60CE3002904F6 /* SNES.xcodeproj */;
			proxyType = 1;
			remoteGlobalIDString = A2F20C531BA5CD580055FE0D;
			remoteInfo = SNES;
		};
		A283D4341BA68EDE009D5512 /* PBXContainerItemProxy */ = {
			isa = PBXContainerItemProxy;
			containerPortal = A27B50AD1BA60CE3002904F6 /* SNES.xcodeproj */;
			proxyType = 1;
			remoteGlobalIDString = A2F20C531BA5CD580055FE0D;
			remoteInfo = SNES;
		};
		C47EDC201A4F477600770F2C /* PBXContainerItemProxy */ = {
			isa = PBXContainerItemProxy;
			containerPortal = C47EDBFE1A4F477600770F2C /* Project object */;
			proxyType = 1;
			remoteGlobalIDString = C47EDC051A4F477600770F2C;
			remoteInfo = SuperNES;
		};
/* End PBXContainerItemProxy section */

/* Begin PBXCopyFilesBuildPhase section */
		A27B50B71BA60D04002904F6 /* Embed Frameworks */ = {
			isa = PBXCopyFilesBuildPhase;
			buildActionMask = 2147483647;
			dstPath = "";
			dstSubfolderSpec = 10;
			files = (
				A27B50B41BA60D04002904F6 /* SNES.framework in Embed Frameworks */,
			);
			name = "Embed Frameworks";
			runOnlyForDeploymentPostprocessing = 0;
		};
		A27B50BC1BA60D10002904F6 /* Embed Frameworks */ = {
			isa = PBXCopyFilesBuildPhase;
			buildActionMask = 2147483647;
			dstPath = "";
			dstSubfolderSpec = 10;
			files = (
				A27B50B91BA60D10002904F6 /* SNES.framework in Embed Frameworks */,
			);
			name = "Embed Frameworks";
			runOnlyForDeploymentPostprocessing = 0;
		};
/* End PBXCopyFilesBuildPhase section */

/* Begin PBXFileReference section */
		A24396841BA5A57B0010D26A /* libz.tbd */ = {isa = PBXFileReference; lastKnownFileType = "sourcecode.text-based-dylib-definition"; name = libz.tbd; path = usr/lib/libz.tbd; sourceTree = SDKROOT; };
		A26BD21F1BA1F011008EC2B9 /* SuperNES-TV.app */ = {isa = PBXFileReference; explicitFileType = wrapper.application; includeInIndex = 0; path = "SuperNES-TV.app"; sourceTree = BUILT_PRODUCTS_DIR; };
		A26BD2941BA1FED8008EC2B9 /* libz.tbd */ = {isa = PBXFileReference; lastKnownFileType = "sourcecode.text-based-dylib-definition"; name = libz.tbd; path = Platforms/AppleTVOS.platform/Developer/SDKs/AppleTVOS9.0.sdk/usr/lib/libz.tbd; sourceTree = DEVELOPER_DIR; };
		A27B50AD1BA60CE3002904F6 /* SNES.xcodeproj */ = {isa = PBXFileReference; lastKnownFileType = "wrapper.pb-project"; name = SNES.xcodeproj; path = submodules/SNES.xcodeproj; sourceTree = "<group>"; };
		A2F20BE51BA5C52F0055FE0D /* AppDelegate.h */ = {isa = PBXFileReference; fileEncoding = 4; lastKnownFileType = sourcecode.c.h; name = AppDelegate.h; path = iOS/src/AppDelegate.h; sourceTree = "<group>"; };
		A2F20BE61BA5C52F0055FE0D /* AppDelegate.m */ = {isa = PBXFileReference; fileEncoding = 4; lastKnownFileType = sourcecode.c.objc; name = AppDelegate.m; path = iOS/src/AppDelegate.m; sourceTree = "<group>"; };
		A2F20BE81BA5C52F0055FE0D /* ConsoleGame.h */ = {isa = PBXFileReference; fileEncoding = 4; lastKnownFileType = sourcecode.c.h; name = ConsoleGame.h; path = iOS/src/ConsoleGame.h; sourceTree = "<group>"; };
		A2F20BE91BA5C52F0055FE0D /* ConsoleGame.m */ = {isa = PBXFileReference; fileEncoding = 4; lastKnownFileType = sourcecode.c.objc; name = ConsoleGame.m; path = iOS/src/ConsoleGame.m; sourceTree = "<group>"; };
		A2F20BEA1BA5C52F0055FE0D /* SNESGameCollectionViewCell.h */ = {isa = PBXFileReference; fileEncoding = 4; lastKnownFileType = sourcecode.c.h; name = SNESGameCollectionViewCell.h; path = iOS/src/SNESGameCollectionViewCell.h; sourceTree = "<group>"; };
		A2F20BEB1BA5C52F0055FE0D /* SNESGameCollectionViewCell.m */ = {isa = PBXFileReference; fileEncoding = 4; lastKnownFileType = sourcecode.c.objc; name = SNESGameCollectionViewCell.m; path = iOS/src/SNESGameCollectionViewCell.m; sourceTree = "<group>"; };
		A2F20BEC1BA5C52F0055FE0D /* SNESGameListViewController.h */ = {isa = PBXFileReference; fileEncoding = 4; lastKnownFileType = sourcecode.c.h; name = SNESGameListViewController.h; path = iOS/src/SNESGameListViewController.h; sourceTree = "<group>"; };
		A2F20BED1BA5C52F0055FE0D /* SNESGameListViewController.m */ = {isa = PBXFileReference; fileEncoding = 4; lastKnownFileType = sourcecode.c.objc; name = SNESGameListViewController.m; path = iOS/src/SNESGameListViewController.m; sourceTree = "<group>"; };
		A2F20BEE1BA5C52F0055FE0D /* SNESGamePlayViewController.h */ = {isa = PBXFileReference; fileEncoding = 4; lastKnownFileType = sourcecode.c.h; name = SNESGamePlayViewController.h; path = iOS/src/SNESGamePlayViewController.h; sourceTree = "<group>"; };
		A2F20BEF1BA5C52F0055FE0D /* SNESGamePlayViewController.m */ = {isa = PBXFileReference; fileEncoding = 4; lastKnownFileType = sourcecode.c.objc; name = SNESGamePlayViewController.m; path = iOS/src/SNESGamePlayViewController.m; sourceTree = "<group>"; };
		A2F20BF01BA5C52F0055FE0D /* SNESGamePlayViewController+Subclassing.h */ = {isa = PBXFileReference; fileEncoding = 4; lastKnownFileType = sourcecode.c.h; name = "SNESGamePlayViewController+Subclassing.h"; path = "iOS/src/SNESGamePlayViewController+Subclassing.h"; sourceTree = "<group>"; };
		A2F20BF21BA5C52F0055FE0D /* SNESSelectGameStateViewController.swift */ = {isa = PBXFileReference; fileEncoding = 4; lastKnownFileType = sourcecode.swift; name = SNESSelectGameStateViewController.swift; path = iOS/src/SNESSelectGameStateViewController.swift; sourceTree = "<group>"; };
		A2F20C031BA5C5420055FE0D /* main.m */ = {isa = PBXFileReference; fileEncoding = 4; lastKnownFileType = sourcecode.c.objc; name = main.m; path = "iOS/Supporting Files/main.m"; sourceTree = "<group>"; };
		A2F20C041BA5C5420055FE0D /* Prefix.pch */ = {isa = PBXFileReference; fileEncoding = 4; lastKnownFileType = sourcecode.c.h; name = Prefix.pch; path = "iOS/Supporting Files/Prefix.pch"; sourceTree = "<group>"; };
		A2F20C051BA5C5420055FE0D /* SuperNES-Bridging-Header.h */ = {isa = PBXFileReference; fileEncoding = 4; lastKnownFileType = sourcecode.c.h; name = "SuperNES-Bridging-Header.h"; path = "iOS/Supporting Files/SuperNES-Bridging-Header.h"; sourceTree = "<group>"; };
		A2F20C0A1BA5C8570055FE0D /* Main.storyboard */ = {isa = PBXFileReference; fileEncoding = 4; lastKnownFileType = file.storyboard; path = Main.storyboard; sourceTree = "<group>"; };
		A2F20C0B1BA5C8570055FE0D /* SNESGameCollectionViewCell.xib */ = {isa = PBXFileReference; fileEncoding = 4; lastKnownFileType = file.xib; path = SNESGameCollectionViewCell.xib; sourceTree = "<group>"; };
		A2F20C0C1BA5C8570055FE0D /* SNESGamePlayViewController_tvos.h */ = {isa = PBXFileReference; fileEncoding = 4; lastKnownFileType = sourcecode.c.h; path = SNESGamePlayViewController_tvos.h; sourceTree = "<group>"; };
		A2F20C0D1BA5C8570055FE0D /* SNESGamePlayViewController_tvos.m */ = {isa = PBXFileReference; fileEncoding = 4; lastKnownFileType = sourcecode.c.objc; path = SNESGamePlayViewController_tvos.m; sourceTree = "<group>"; };
		A2F20C0F1BA5C8570055FE0D /* Assets.xcassets */ = {isa = PBXFileReference; lastKnownFileType = folder.assetcatalog; path = Assets.xcassets; sourceTree = "<group>"; };
		A2F20C101BA5C8570055FE0D /* Info.plist */ = {isa = PBXFileReference; fileEncoding = 4; lastKnownFileType = text.plist.xml; path = Info.plist; sourceTree = "<group>"; };
		A2F20C191BA5C88B0055FE0D /* SNES-DPad@2x.png */ = {isa = PBXFileReference; lastKnownFileType = image.png; path = "SNES-DPad@2x.png"; sourceTree = "<group>"; };
		A2F20C1A1BA5C88B0055FE0D /* SNESFireButtons@2x original.png */ = {isa = PBXFileReference; lastKnownFileType = image.png; path = "SNESFireButtons@2x original.png"; sourceTree = "<group>"; };
		A2F20C1B1BA5C88B0055FE0D /* SNESFireButtons@2x.png */ = {isa = PBXFileReference; lastKnownFileType = image.png; path = "SNESFireButtons@2x.png"; sourceTree = "<group>"; };
		A2F20C1C1BA5C88B0055FE0D /* SNESSelect@2x.png */ = {isa = PBXFileReference; lastKnownFileType = image.png; path = "SNESSelect@2x.png"; sourceTree = "<group>"; };
		A2F20C1D1BA5C88B0055FE0D /* SNESShoulderButton@2x.png */ = {isa = PBXFileReference; lastKnownFileType = image.png; path = "SNESShoulderButton@2x.png"; sourceTree = "<group>"; };
		A2F20C1E1BA5C88B0055FE0D /* SNESStart@2x.png */ = {isa = PBXFileReference; lastKnownFileType = image.png; path = "SNESStart@2x.png"; sourceTree = "<group>"; };
		A2F20C221BA5C88B0055FE0D /* ConsoleFireButtons.h */ = {isa = PBXFileReference; fileEncoding = 4; lastKnownFileType = sourcecode.c.h; path = ConsoleFireButtons.h; sourceTree = "<group>"; };
		A2F20C231BA5C88B0055FE0D /* ConsoleFireButtons.m */ = {isa = PBXFileReference; fileEncoding = 4; lastKnownFileType = sourcecode.c.objc; path = ConsoleFireButtons.m; sourceTree = "<group>"; };
		A2F20C251BA5C88B0055FE0D /* ConsoleFireButtons+Internal.h */ = {isa = PBXFileReference; fileEncoding = 4; lastKnownFileType = sourcecode.c.h; path = "ConsoleFireButtons+Internal.h"; sourceTree = "<group>"; };
		A2F20C261BA5C88B0055FE0D /* SNESDPad.h */ = {isa = PBXFileReference; fileEncoding = 4; lastKnownFileType = sourcecode.c.h; path = SNESDPad.h; sourceTree = "<group>"; };
		A2F20C271BA5C88B0055FE0D /* SNESDPad.m */ = {isa = PBXFileReference; fileEncoding = 4; lastKnownFileType = sourcecode.c.objc; path = SNESDPad.m; sourceTree = "<group>"; };
		A2F20C281BA5C88B0055FE0D /* SNESFireButtons.h */ = {isa = PBXFileReference; fileEncoding = 4; lastKnownFileType = sourcecode.c.h; path = SNESFireButtons.h; sourceTree = "<group>"; };
		A2F20C291BA5C88B0055FE0D /* SNESFireButtons.m */ = {isa = PBXFileReference; fileEncoding = 4; lastKnownFileType = sourcecode.c.objc; path = SNESFireButtons.m; sourceTree = "<group>"; };
		A2F20C2A1BA5C88B0055FE0D /* Main.storyboard */ = {isa = PBXFileReference; fileEncoding = 4; lastKnownFileType = file.storyboard; path = Main.storyboard; sourceTree = "<group>"; };
		A2F20C2B1BA5C88B0055FE0D /* SNESGameCollectionViewCell.xib */ = {isa = PBXFileReference; fileEncoding = 4; lastKnownFileType = file.xib; path = SNESGameCollectionViewCell.xib; sourceTree = "<group>"; };
		A2F20C2C1BA5C88B0055FE0D /* SNESGamePlayViewController_iphoneos.h */ = {isa = PBXFileReference; fileEncoding = 4; lastKnownFileType = sourcecode.c.h; path = SNESGamePlayViewController_iphoneos.h; sourceTree = "<group>"; };
		A2F20C2D1BA5C88B0055FE0D /* SNESGamePlayViewController_iphoneos.m */ = {isa = PBXFileReference; fileEncoding = 4; lastKnownFileType = sourcecode.c.objc; path = SNESGamePlayViewController_iphoneos.m; sourceTree = "<group>"; };
		A2F20C2E1BA5C88B0055FE0D /* SNESView.h */ = {isa = PBXFileReference; fileEncoding = 4; lastKnownFileType = sourcecode.c.h; path = SNESView.h; sourceTree = "<group>"; };
		A2F20C2F1BA5C88B0055FE0D /* SNESView.m */ = {isa = PBXFileReference; fileEncoding = 4; lastKnownFileType = sourcecode.c.objc; path = SNESView.m; sourceTree = "<group>"; };
		A2F20C311BA5C88B0055FE0D /* Images.xcassets */ = {isa = PBXFileReference; lastKnownFileType = folder.assetcatalog; path = Images.xcassets; sourceTree = "<group>"; };
		A2F20C321BA5C88B0055FE0D /* Info.plist */ = {isa = PBXFileReference; fileEncoding = 4; lastKnownFileType = text.plist.xml; path = Info.plist; sourceTree = "<group>"; };
		A2F20C441BA5CAF20055FE0D /* CALayer+Image.swift */ = {isa = PBXFileReference; fileEncoding = 4; lastKnownFileType = sourcecode.swift; name = "CALayer+Image.swift"; path = "src/CALayer+Image.swift"; sourceTree = "<group>"; };
		A2F20C451BA5CAF20055FE0D /* SNESROMFileManager.swift */ = {isa = PBXFileReference; fileEncoding = 4; lastKnownFileType = sourcecode.swift; name = SNESROMFileManager.swift; path = src/SNESROMFileManager.swift; sourceTree = "<group>"; };
		C47EDC061A4F477600770F2C /* SuperNES.app */ = {isa = PBXFileReference; explicitFileType = wrapper.application; includeInIndex = 0; path = SuperNES.app; sourceTree = BUILT_PRODUCTS_DIR; };
		C47EDC1F1A4F477600770F2C /* SuperNESTests.xctest */ = {isa = PBXFileReference; explicitFileType = wrapper.cfbundle; includeInIndex = 0; path = SuperNESTests.xctest; sourceTree = BUILT_PRODUCTS_DIR; };
		C47EDC241A4F477600770F2C /* Info.plist */ = {isa = PBXFileReference; lastKnownFileType = text.plist.xml; path = Info.plist; sourceTree = "<group>"; };
		C47EDC251A4F477600770F2C /* SuperNESTests.m */ = {isa = PBXFileReference; lastKnownFileType = sourcecode.c.objc; path = SuperNESTests.m; sourceTree = "<group>"; };
		C47EDC341A4F48FE00770F2C /* AudioToolbox.framework */ = {isa = PBXFileReference; lastKnownFileType = wrapper.framework; name = AudioToolbox.framework; path = System/Library/Frameworks/AudioToolbox.framework; sourceTree = SDKROOT; };
		C48758441A558EB900120999 /* GameController.framework */ = {isa = PBXFileReference; lastKnownFileType = wrapper.framework; name = GameController.framework; path = System/Library/Frameworks/GameController.framework; sourceTree = SDKROOT; };
/* End PBXFileReference section */

/* Begin PBXFrameworksBuildPhase section */
		A26BD21C1BA1F011008EC2B9 /* Frameworks */ = {
			isa = PBXFrameworksBuildPhase;
			buildActionMask = 2147483647;
			files = (
				A27B50B81BA60D10002904F6 /* SNES.framework in Frameworks */,
			);
			runOnlyForDeploymentPostprocessing = 0;
		};
		C47EDC031A4F477600770F2C /* Frameworks */ = {
			isa = PBXFrameworksBuildPhase;
			buildActionMask = 2147483647;
			files = (
				A27B50B31BA60D04002904F6 /* SNES.framework in Frameworks */,
			);
			runOnlyForDeploymentPostprocessing = 0;
		};
		C47EDC1C1A4F477600770F2C /* Frameworks */ = {
			isa = PBXFrameworksBuildPhase;
			buildActionMask = 2147483647;
			files = (
				A283D4361BA68EE7009D5512 /* SNES.framework in Frameworks */,
			);
			runOnlyForDeploymentPostprocessing = 0;
		};
/* End PBXFrameworksBuildPhase section */

/* Begin PBXGroup section */
		A24396861BA5A5B90010D26A /* src */ = {
			isa = PBXGroup;
			children = (
				A2F20BE51BA5C52F0055FE0D /* AppDelegate.h */,
				A2F20BE61BA5C52F0055FE0D /* AppDelegate.m */,
				A2F20BE81BA5C52F0055FE0D /* ConsoleGame.h */,
				A2F20BE91BA5C52F0055FE0D /* ConsoleGame.m */,
				A2F20BEA1BA5C52F0055FE0D /* SNESGameCollectionViewCell.h */,
				A2F20BEB1BA5C52F0055FE0D /* SNESGameCollectionViewCell.m */,
				A2F20BEC1BA5C52F0055FE0D /* SNESGameListViewController.h */,
				A2F20BED1BA5C52F0055FE0D /* SNESGameListViewController.m */,
				A2F20BEE1BA5C52F0055FE0D /* SNESGamePlayViewController.h */,
				A2F20BEF1BA5C52F0055FE0D /* SNESGamePlayViewController.m */,
				A2F20BF01BA5C52F0055FE0D /* SNESGamePlayViewController+Subclassing.h */,
				A2F20BF21BA5C52F0055FE0D /* SNESSelectGameStateViewController.swift */,
			);
			name = src;
			sourceTree = "<group>";
		};
		A27B50AE1BA60CE3002904F6 /* Products */ = {
			isa = PBXGroup;
			children = (
				A27B50B21BA60CE3002904F6 /* SNES.framework */,
			);
			name = Products;
			sourceTree = "<group>";
		};
		A2BD42EC1BA5A369000A7C00 /* iOS */ = {
			isa = PBXGroup;
			children = (
				A24396861BA5A5B90010D26A /* src */,
				A2F20C161BA5C88B0055FE0D /* SuperNES-iphoneOS */,
				A2F20C081BA5C8570055FE0D /* SuperNES-TV */,
				A2BD42EE1BA5A402000A7C00 /* Supporting Files */,
			);
			name = iOS;
			sourceTree = "<group>";
		};
		A2BD42EE1BA5A402000A7C00 /* Supporting Files */ = {
			isa = PBXGroup;
			children = (
				A2F20C031BA5C5420055FE0D /* main.m */,
				A2F20C041BA5C5420055FE0D /* Prefix.pch */,
				A2F20C051BA5C5420055FE0D /* SuperNES-Bridging-Header.h */,
			);
			name = "Supporting Files";
			sourceTree = "<group>";
		};
		A2F20C081BA5C8570055FE0D /* SuperNES-TV */ = {
			isa = PBXGroup;
			children = (
				A2F20C091BA5C8570055FE0D /* src */,
				A2F20C0E1BA5C8570055FE0D /* Supporting Files */,
			);
			name = "SuperNES-TV";
			path = "iOS/SuperNES-TV";
			sourceTree = "<group>";
		};
		A2F20C091BA5C8570055FE0D /* src */ = {
			isa = PBXGroup;
			children = (
				A2F20C0A1BA5C8570055FE0D /* Main.storyboard */,
				A2F20C0B1BA5C8570055FE0D /* SNESGameCollectionViewCell.xib */,
				A2F20C0C1BA5C8570055FE0D /* SNESGamePlayViewController_tvos.h */,
				A2F20C0D1BA5C8570055FE0D /* SNESGamePlayViewController_tvos.m */,
			);
			path = src;
			sourceTree = "<group>";
		};
		A2F20C0E1BA5C8570055FE0D /* Supporting Files */ = {
			isa = PBXGroup;
			children = (
				A2F20C0F1BA5C8570055FE0D /* Assets.xcassets */,
				A2F20C101BA5C8570055FE0D /* Info.plist */,
			);
			path = "Supporting Files";
			sourceTree = "<group>";
		};
		A2F20C161BA5C88B0055FE0D /* SuperNES-iphoneOS */ = {
			isa = PBXGroup;
			children = (
				A2F20C171BA5C88B0055FE0D /* resources */,
				A2F20C1F1BA5C88B0055FE0D /* src */,
				A2F20C301BA5C88B0055FE0D /* Supporting Files */,
			);
			name = "SuperNES-iphoneOS";
			path = "iOS/SuperNES-iphoneOS";
			sourceTree = "<group>";
		};
		A2F20C171BA5C88B0055FE0D /* resources */ = {
			isa = PBXGroup;
			children = (
				A2F20C181BA5C88B0055FE0D /* images */,
			);
			path = resources;
			sourceTree = "<group>";
		};
		A2F20C181BA5C88B0055FE0D /* images */ = {
			isa = PBXGroup;
			children = (
				A2F20C191BA5C88B0055FE0D /* SNES-DPad@2x.png */,
				A2F20C1A1BA5C88B0055FE0D /* SNESFireButtons@2x original.png */,
				A2F20C1B1BA5C88B0055FE0D /* SNESFireButtons@2x.png */,
				A2F20C1C1BA5C88B0055FE0D /* SNESSelect@2x.png */,
				A2F20C1D1BA5C88B0055FE0D /* SNESShoulderButton@2x.png */,
				A2F20C1E1BA5C88B0055FE0D /* SNESStart@2x.png */,
			);
			path = images;
			sourceTree = "<group>";
		};
		A2F20C1F1BA5C88B0055FE0D /* src */ = {
			isa = PBXGroup;
			children = (
				A2F20C201BA5C88B0055FE0D /* ConsoleButtons */,
				A2F20C2A1BA5C88B0055FE0D /* Main.storyboard */,
				A2F20C2B1BA5C88B0055FE0D /* SNESGameCollectionViewCell.xib */,
				A2F20C2C1BA5C88B0055FE0D /* SNESGamePlayViewController_iphoneos.h */,
				A2F20C2D1BA5C88B0055FE0D /* SNESGamePlayViewController_iphoneos.m */,
				A2F20C2E1BA5C88B0055FE0D /* SNESView.h */,
				A2F20C2F1BA5C88B0055FE0D /* SNESView.m */,
			);
			path = src;
			sourceTree = "<group>";
		};
		A2F20C201BA5C88B0055FE0D /* ConsoleButtons */ = {
			isa = PBXGroup;
			children = (
				A2F20C211BA5C88B0055FE0D /* ConsoleFireButtons */,
			);
			path = ConsoleButtons;
			sourceTree = "<group>";
		};
		A2F20C211BA5C88B0055FE0D /* ConsoleFireButtons */ = {
			isa = PBXGroup;
			children = (
				A2F20C221BA5C88B0055FE0D /* ConsoleFireButtons.h */,
				A2F20C231BA5C88B0055FE0D /* ConsoleFireButtons.m */,
				A2F20C241BA5C88B0055FE0D /* Internal Classes */,
			);
			path = ConsoleFireButtons;
			sourceTree = "<group>";
		};
		A2F20C241BA5C88B0055FE0D /* Internal Classes */ = {
			isa = PBXGroup;
			children = (
				A2F20C251BA5C88B0055FE0D /* ConsoleFireButtons+Internal.h */,
				A2F20C261BA5C88B0055FE0D /* SNESDPad.h */,
				A2F20C271BA5C88B0055FE0D /* SNESDPad.m */,
				A2F20C281BA5C88B0055FE0D /* SNESFireButtons.h */,
				A2F20C291BA5C88B0055FE0D /* SNESFireButtons.m */,
			);
			path = "Internal Classes";
			sourceTree = "<group>";
		};
		A2F20C301BA5C88B0055FE0D /* Supporting Files */ = {
			isa = PBXGroup;
			children = (
				A2F20C311BA5C88B0055FE0D /* Images.xcassets */,
				A2F20C321BA5C88B0055FE0D /* Info.plist */,
			);
			path = "Supporting Files";
			sourceTree = "<group>";
		};
		A2F20C431BA5C9830055FE0D /* src */ = {
			isa = PBXGroup;
			children = (
				A2F20C441BA5CAF20055FE0D /* CALayer+Image.swift */,
				A2F20C451BA5CAF20055FE0D /* SNESROMFileManager.swift */,
			);
			name = src;
			sourceTree = "<group>";
		};
		C47EDBFD1A4F477600770F2C = {
			isa = PBXGroup;
			children = (
				A2F20C431BA5C9830055FE0D /* src */,
				A2BD42EC1BA5A369000A7C00 /* iOS */,
				C47EDC361A4F490800770F2C /* System Frameworks */,
				C47EDC221A4F477600770F2C /* SuperNESTests */,
				C47EDC071A4F477600770F2C /* Products */,
				A27B50AD1BA60CE3002904F6 /* SNES.xcodeproj */,
			);
			sourceTree = "<group>";
		};
		C47EDC071A4F477600770F2C /* Products */ = {
			isa = PBXGroup;
			children = (
				C47EDC061A4F477600770F2C /* SuperNES.app */,
				C47EDC1F1A4F477600770F2C /* SuperNESTests.xctest */,
				A26BD21F1BA1F011008EC2B9 /* SuperNES-TV.app */,
			);
			name = Products;
			sourceTree = "<group>";
		};
		C47EDC221A4F477600770F2C /* SuperNESTests */ = {
			isa = PBXGroup;
			children = (
				C47EDC251A4F477600770F2C /* SuperNESTests.m */,
				C47EDC231A4F477600770F2C /* Supporting Files */,
			);
			path = SuperNESTests;
			sourceTree = "<group>";
		};
		C47EDC231A4F477600770F2C /* Supporting Files */ = {
			isa = PBXGroup;
			children = (
				C47EDC241A4F477600770F2C /* Info.plist */,
			);
			name = "Supporting Files";
			sourceTree = "<group>";
		};
		C47EDC361A4F490800770F2C /* System Frameworks */ = {
			isa = PBXGroup;
			children = (
				A24396841BA5A57B0010D26A /* libz.tbd */,
				C48758441A558EB900120999 /* GameController.framework */,
				C47EDC341A4F48FE00770F2C /* AudioToolbox.framework */,
				A26BD2941BA1FED8008EC2B9 /* libz.tbd */,
			);
			name = "System Frameworks";
			sourceTree = "<group>";
		};
/* End PBXGroup section */

/* Begin PBXNativeTarget section */
		A26BD21E1BA1F011008EC2B9 /* SuperNES-TV */ = {
			isa = PBXNativeTarget;
			buildConfigurationList = A26BD2301BA1F011008EC2B9 /* Build configuration list for PBXNativeTarget "SuperNES-TV" */;
			buildPhases = (
				A26BD21B1BA1F011008EC2B9 /* Sources */,
				A26BD21C1BA1F011008EC2B9 /* Frameworks */,
				A26BD21D1BA1F011008EC2B9 /* Resources */,
				A27B50BC1BA60D10002904F6 /* Embed Frameworks */,
			);
			buildRules = (
			);
			dependencies = (
				A27B50BB1BA60D10002904F6 /* PBXTargetDependency */,
			);
			name = "SuperNES-TV";
			productName = "SuperNES-TV";
			productReference = A26BD21F1BA1F011008EC2B9 /* SuperNES-TV.app */;
			productType = "com.apple.product-type.application";
		};
		C47EDC051A4F477600770F2C /* SuperNES */ = {
			isa = PBXNativeTarget;
			buildConfigurationList = C47EDC291A4F477600770F2C /* Build configuration list for PBXNativeTarget "SuperNES" */;
			buildPhases = (
				C47EDC021A4F477600770F2C /* Sources */,
				C47EDC031A4F477600770F2C /* Frameworks */,
				C47EDC041A4F477600770F2C /* Resources */,
				A27B50B71BA60D04002904F6 /* Embed Frameworks */,
			);
			buildRules = (
			);
			dependencies = (
				A27B50B61BA60D04002904F6 /* PBXTargetDependency */,
			);
			name = SuperNES;
			productName = SuperNES;
			productReference = C47EDC061A4F477600770F2C /* SuperNES.app */;
			productType = "com.apple.product-type.application";
		};
		C47EDC1E1A4F477600770F2C /* SuperNESTests */ = {
			isa = PBXNativeTarget;
			buildConfigurationList = C47EDC2C1A4F477600770F2C /* Build configuration list for PBXNativeTarget "SuperNESTests" */;
			buildPhases = (
				C47EDC1B1A4F477600770F2C /* Sources */,
				C47EDC1C1A4F477600770F2C /* Frameworks */,
				C47EDC1D1A4F477600770F2C /* Resources */,
			);
			buildRules = (
			);
			dependencies = (
				A283D4351BA68EDE009D5512 /* PBXTargetDependency */,
				C47EDC211A4F477600770F2C /* PBXTargetDependency */,
			);
			name = SuperNESTests;
			productName = SuperNESTests;
			productReference = C47EDC1F1A4F477600770F2C /* SuperNESTests.xctest */;
			productType = "com.apple.product-type.bundle.unit-test";
		};
/* End PBXNativeTarget section */

/* Begin PBXProject section */
		C47EDBFE1A4F477600770F2C /* Project object */ = {
			isa = PBXProject;
			attributes = {
				CLASSPREFIX = SNES;
				LastSwiftMigration = 0710;
				LastSwiftUpdateCheck = 0700;
				LastUpgradeCheck = 0710;
				ORGANIZATIONNAME = SuperNES;
				TargetAttributes = {
					A26BD21E1BA1F011008EC2B9 = {
						CreatedOnToolsVersion = 7.1;
						DevelopmentTeam = 2C6KT7L4EZ;
					};
					C47EDC051A4F477600770F2C = {
						CreatedOnToolsVersion = 6.1.1;
						DevelopmentTeam = 2C6KT7L4EZ;
					};
					C47EDC1E1A4F477600770F2C = {
						CreatedOnToolsVersion = 6.1.1;
						TestTargetID = C47EDC051A4F477600770F2C;
					};
				};
			};
			buildConfigurationList = C47EDC011A4F477600770F2C /* Build configuration list for PBXProject "SuperNES" */;
			compatibilityVersion = "Xcode 3.2";
			developmentRegion = English;
			hasScannedForEncodings = 0;
			knownRegions = (
				en,
				Base,
			);
			mainGroup = C47EDBFD1A4F477600770F2C;
			productRefGroup = C47EDC071A4F477600770F2C /* Products */;
			projectDirPath = "";
			projectReferences = (
				{
					ProductGroup = A27B50AE1BA60CE3002904F6 /* Products */;
					ProjectRef = A27B50AD1BA60CE3002904F6 /* SNES.xcodeproj */;
				},
			);
			projectRoot = "";
			targets = (
				C47EDC051A4F477600770F2C /* SuperNES */,
				C47EDC1E1A4F477600770F2C /* SuperNESTests */,
				A26BD21E1BA1F011008EC2B9 /* SuperNES-TV */,
			);
		};
/* End PBXProject section */

/* Begin PBXReferenceProxy section */
		A27B50B21BA60CE3002904F6 /* SNES.framework */ = {
			isa = PBXReferenceProxy;
			fileType = wrapper.framework;
			path = SNES.framework;
			remoteRef = A27B50B11BA60CE3002904F6 /* PBXContainerItemProxy */;
			sourceTree = BUILT_PRODUCTS_DIR;
		};
/* End PBXReferenceProxy section */

/* Begin PBXResourcesBuildPhase section */
		A26BD21D1BA1F011008EC2B9 /* Resources */ = {
			isa = PBXResourcesBuildPhase;
			buildActionMask = 2147483647;
			files = (
				A2F20C111BA5C8570055FE0D /* Main.storyboard in Resources */,
				A2F20C141BA5C8570055FE0D /* Assets.xcassets in Resources */,
				A2F20C151BA5C8570055FE0D /* Info.plist in Resources */,
				A2F20C121BA5C8570055FE0D /* SNESGameCollectionViewCell.xib in Resources */,
			);
			runOnlyForDeploymentPostprocessing = 0;
		};
		C47EDC041A4F477600770F2C /* Resources */ = {
			isa = PBXResourcesBuildPhase;
			buildActionMask = 2147483647;
			files = (
				A2F20C381BA5C88B0055FE0D /* SNESStart@2x.png in Resources */,
				A2F20C3C1BA5C88B0055FE0D /* Main.storyboard in Resources */,
				A2F20C361BA5C88B0055FE0D /* SNESSelect@2x.png in Resources */,
				A2F20C341BA5C88B0055FE0D /* SNESFireButtons@2x original.png in Resources */,
				A2F20C371BA5C88B0055FE0D /* SNESShoulderButton@2x.png in Resources */,
				A2F20C351BA5C88B0055FE0D /* SNESFireButtons@2x.png in Resources */,
				A2F20C401BA5C88B0055FE0D /* Images.xcassets in Resources */,
				A2F20C331BA5C88B0055FE0D /* SNES-DPad@2x.png in Resources */,
				A2F20C3D1BA5C88B0055FE0D /* SNESGameCollectionViewCell.xib in Resources */,
			);
			runOnlyForDeploymentPostprocessing = 0;
		};
		C47EDC1D1A4F477600770F2C /* Resources */ = {
			isa = PBXResourcesBuildPhase;
			buildActionMask = 2147483647;
			files = (
			);
			runOnlyForDeploymentPostprocessing = 0;
		};
/* End PBXResourcesBuildPhase section */

/* Begin PBXSourcesBuildPhase section */
		A26BD21B1BA1F011008EC2B9 /* Sources */ = {
			isa = PBXSourcesBuildPhase;
			buildActionMask = 2147483647;
			files = (
				A2F20C021BA5C52F0055FE0D /* SNESSelectGameStateViewController.swift in Sources */,
				A2F20C471BA5CAF20055FE0D /* CALayer+Image.swift in Sources */,
				A2F20BFE1BA5C52F0055FE0D /* SNESGamePlayViewController.m in Sources */,
				A2F20C071BA5C5420055FE0D /* main.m in Sources */,
				A2F20BF81BA5C52F0055FE0D /* ConsoleGame.m in Sources */,
				A2F20C131BA5C8570055FE0D /* SNESGamePlayViewController_tvos.m in Sources */,
				A2F20BF41BA5C52F0055FE0D /* AppDelegate.m in Sources */,
				A2F20BFC1BA5C52F0055FE0D /* SNESGameListViewController.m in Sources */,
				A2F20C491BA5CAF20055FE0D /* SNESROMFileManager.swift in Sources */,
				A2F20BFA1BA5C52F0055FE0D /* SNESGameCollectionViewCell.m in Sources */,
			);
			runOnlyForDeploymentPostprocessing = 0;
		};
		C47EDC021A4F477600770F2C /* Sources */ = {
			isa = PBXSourcesBuildPhase;
			buildActionMask = 2147483647;
			files = (
				A2F20C3F1BA5C88B0055FE0D /* SNESView.m in Sources */,
				A2F20BF91BA5C52F0055FE0D /* SNESGameCollectionViewCell.m in Sources */,
				A2F20BF71BA5C52F0055FE0D /* ConsoleGame.m in Sources */,
				A2F20C3E1BA5C88B0055FE0D /* SNESGamePlayViewController_iphoneos.m in Sources */,
				A2F20BFD1BA5C52F0055FE0D /* SNESGamePlayViewController.m in Sources */,
				A2F20C3A1BA5C88B0055FE0D /* SNESDPad.m in Sources */,
				A2F20C481BA5CAF20055FE0D /* SNESROMFileManager.swift in Sources */,
				A2F20C011BA5C52F0055FE0D /* SNESSelectGameStateViewController.swift in Sources */,
				A2F20C391BA5C88B0055FE0D /* ConsoleFireButtons.m in Sources */,
				A2F20BFB1BA5C52F0055FE0D /* SNESGameListViewController.m in Sources */,
				A2F20C461BA5CAF20055FE0D /* CALayer+Image.swift in Sources */,
				A2F20C061BA5C5420055FE0D /* main.m in Sources */,
				A2F20BF31BA5C52F0055FE0D /* AppDelegate.m in Sources */,
				A2F20C3B1BA5C88B0055FE0D /* SNESFireButtons.m in Sources */,
			);
			runOnlyForDeploymentPostprocessing = 0;
		};
		C47EDC1B1A4F477600770F2C /* Sources */ = {
			isa = PBXSourcesBuildPhase;
			buildActionMask = 2147483647;
			files = (
				C47EDC261A4F477600770F2C /* SuperNESTests.m in Sources */,
			);
			runOnlyForDeploymentPostprocessing = 0;
		};
/* End PBXSourcesBuildPhase section */

/* Begin PBXTargetDependency section */
		A27B50B61BA60D04002904F6 /* PBXTargetDependency */ = {
			isa = PBXTargetDependency;
			name = SNES;
			targetProxy = A27B50B51BA60D04002904F6 /* PBXContainerItemProxy */;
		};
		A27B50BB1BA60D10002904F6 /* PBXTargetDependency */ = {
			isa = PBXTargetDependency;
			name = SNES;
			targetProxy = A27B50BA1BA60D10002904F6 /* PBXContainerItemProxy */;
		};
		A283D4351BA68EDE009D5512 /* PBXTargetDependency */ = {
			isa = PBXTargetDependency;
			name = SNES;
			targetProxy = A283D4341BA68EDE009D5512 /* PBXContainerItemProxy */;
		};
		C47EDC211A4F477600770F2C /* PBXTargetDependency */ = {
			isa = PBXTargetDependency;
			target = C47EDC051A4F477600770F2C /* SuperNES */;
			targetProxy = C47EDC201A4F477600770F2C /* PBXContainerItemProxy */;
		};
/* End PBXTargetDependency section */

/* Begin XCBuildConfiguration section */
		A26BD2311BA1F011008EC2B9 /* Debug */ = {
			isa = XCBuildConfiguration;
			buildSettings = {
				ASSETCATALOG_COMPILER_APPICON_NAME = "App Icon & Top Shelf Image";
				ASSETCATALOG_COMPILER_LAUNCHIMAGE_NAME = LaunchImage;
				CODE_SIGN_IDENTITY = "iPhone Developer";
				"CODE_SIGN_IDENTITY[sdk=appletvos*]" = "iPhone Developer";
				DEBUG_INFORMATION_FORMAT = "dwarf-with-dsym";
				ENABLE_TESTABILITY = NO;
				GCC_NO_COMMON_BLOCKS = NO;
				GCC_PREFIX_HEADER = "$(SRCROOT)/iOS/Supporting Files/Prefix.pch";
				GCC_PREPROCESSOR_DEFINITIONS = (
					"DEBUG=1",
					"$(inherited)",
					"TARGET_OS_TV=1",
				);
				INFOPLIST_FILE = "iOS/SuperNES-tv/Supporting Files/Info.plist";
				LD_RUNPATH_SEARCH_PATHS = "$(inherited) @executable_path/Frameworks";
				OTHER_CFLAGS = "${SNES_CFLAGS}";
				OTHER_LDFLAGS = (
					"-ObjC",
					"-lstdc++",
				);
				OTHER_SWIFT_FLAGS = "-DTARGET_OS_TV";
				PRODUCT_BUNDLE_IDENTIFIER = "com.kerrelinc.SuperNES-TV";
				PRODUCT_NAME = "$(TARGET_NAME)";
				PROVISIONING_PROFILE = "";
				SDKROOT = appletvos;
				SWIFT_OBJC_BRIDGING_HEADER = "iOS/Supporting Files/SuperNES-Bridging-Header.h";
				SWIFT_OPTIMIZATION_LEVEL = "-Onone";
				TARGETED_DEVICE_FAMILY = 3;
				TVOS_DEPLOYMENT_TARGET = 9.0;
				VALID_ARCHS = arm64;
			};
			name = Debug;
		};
		A26BD2321BA1F011008EC2B9 /* Release */ = {
			isa = XCBuildConfiguration;
			buildSettings = {
				ASSETCATALOG_COMPILER_APPICON_NAME = "App Icon & Top Shelf Image";
				ASSETCATALOG_COMPILER_LAUNCHIMAGE_NAME = LaunchImage;
				CODE_SIGN_IDENTITY = "iPhone Developer";
				"CODE_SIGN_IDENTITY[sdk=appletvos*]" = "iPhone Developer";
				COPY_PHASE_STRIP = YES;
				DEBUG_INFORMATION_FORMAT = "dwarf-with-dsym";
				ENABLE_TESTABILITY = NO;
				GCC_NO_COMMON_BLOCKS = NO;
				GCC_PREFIX_HEADER = "$(SRCROOT)/iOS/Supporting Files/Prefix.pch";
				GCC_PREPROCESSOR_DEFINITIONS = (
					"REGISTER_DEPRECATED=1",
					"TARGET_OS_TV=1",
				);
				INFOPLIST_FILE = "iOS/SuperNES-tv/Supporting Files/Info.plist";
				LD_RUNPATH_SEARCH_PATHS = "$(inherited) @executable_path/Frameworks";
				OTHER_CFLAGS = "${SNES_CFLAGS}";
				OTHER_LDFLAGS = (
					"-ObjC",
					"-lstdc++",
				);
				OTHER_SWIFT_FLAGS = "-DTARGET_OS_TV";
				PRODUCT_BUNDLE_IDENTIFIER = "com.kerrelinc.SuperNES-TV";
				PRODUCT_NAME = "$(TARGET_NAME)";
				PROVISIONING_PROFILE = "";
				SDKROOT = appletvos;
				SWIFT_OBJC_BRIDGING_HEADER = "iOS/Supporting Files/SuperNES-Bridging-Header.h";
				SWIFT_OPTIMIZATION_LEVEL = "-Owholemodule";
				TARGETED_DEVICE_FAMILY = 3;
				TVOS_DEPLOYMENT_TARGET = 9.0;
				VALID_ARCHS = arm64;
			};
			name = Release;
		};
		C47EDC271A4F477600770F2C /* Debug */ = {
			isa = XCBuildConfiguration;
			buildSettings = {
				ALWAYS_SEARCH_USER_PATHS = NO;
				CLANG_CXX_LANGUAGE_STANDARD = "gnu++0x";
				CLANG_CXX_LIBRARY = "libc++";
				CLANG_ENABLE_MODULES = YES;
				CLANG_ENABLE_OBJC_ARC = YES;
				CLANG_WARN_BOOL_CONVERSION = YES;
				CLANG_WARN_CONSTANT_CONVERSION = YES;
				CLANG_WARN_DIRECT_OBJC_ISA_USAGE = YES_ERROR;
				CLANG_WARN_EMPTY_BODY = YES;
				CLANG_WARN_ENUM_CONVERSION = YES;
				CLANG_WARN_INT_CONVERSION = YES;
				CLANG_WARN_OBJC_ROOT_CLASS = YES_ERROR;
				CLANG_WARN_UNREACHABLE_CODE = YES;
				CLANG_WARN__DUPLICATE_METHOD_MATCH = YES;
				"CODE_SIGN_IDENTITY[sdk=iphoneos*]" = "iPhone Developer";
				COPY_PHASE_STRIP = NO;
				ENABLE_STRICT_OBJC_MSGSEND = YES;
				ENABLE_TESTABILITY = YES;
				GCC_C_LANGUAGE_STANDARD = gnu99;
				GCC_DYNAMIC_NO_PIC = NO;
				GCC_OPTIMIZATION_LEVEL = 0;
				GCC_PREPROCESSOR_DEFINITIONS = (
					"REGISTER_DEPRECATED=1",
					"DEBUG=1",
					"$(inherited)",
				);
				GCC_SYMBOLS_PRIVATE_EXTERN = NO;
				GCC_WARN_64_TO_32_BIT_CONVERSION = YES;
				GCC_WARN_ABOUT_RETURN_TYPE = YES_ERROR;
				GCC_WARN_UNDECLARED_SELECTOR = YES;
				GCC_WARN_UNINITIALIZED_AUTOS = YES_AGGRESSIVE;
				GCC_WARN_UNUSED_FUNCTION = YES;
				GCC_WARN_UNUSED_VARIABLE = YES;
				IPHONEOS_DEPLOYMENT_TARGET = 8.1;
				MTL_ENABLE_DEBUG_INFO = YES;
				ONLY_ACTIVE_ARCH = YES;
				SDKROOT = iphoneos;
				SWIFT_VERSION = 4.0;
				TARGETED_DEVICE_FAMILY = "1,2";
				VALID_ARCHS = "armv7 armv7s arm64";
			};
			name = Debug;
		};
		C47EDC281A4F477600770F2C /* Release */ = {
			isa = XCBuildConfiguration;
			buildSettings = {
				ALWAYS_SEARCH_USER_PATHS = NO;
				CLANG_CXX_LANGUAGE_STANDARD = "gnu++0x";
				CLANG_CXX_LIBRARY = "libc++";
				CLANG_ENABLE_MODULES = YES;
				CLANG_ENABLE_OBJC_ARC = YES;
				CLANG_WARN_BOOL_CONVERSION = YES;
				CLANG_WARN_CONSTANT_CONVERSION = YES;
				CLANG_WARN_DIRECT_OBJC_ISA_USAGE = YES_ERROR;
				CLANG_WARN_EMPTY_BODY = YES;
				CLANG_WARN_ENUM_CONVERSION = YES;
				CLANG_WARN_INT_CONVERSION = YES;
				CLANG_WARN_OBJC_ROOT_CLASS = YES_ERROR;
				CLANG_WARN_UNREACHABLE_CODE = YES;
				CLANG_WARN__DUPLICATE_METHOD_MATCH = YES;
				"CODE_SIGN_IDENTITY[sdk=iphoneos*]" = "iPhone Developer";
				COPY_PHASE_STRIP = YES;
				ENABLE_NS_ASSERTIONS = NO;
				ENABLE_STRICT_OBJC_MSGSEND = YES;
				GCC_C_LANGUAGE_STANDARD = gnu99;
				GCC_PREPROCESSOR_DEFINITIONS = "REGISTER_DEPRECATED=1";
				GCC_WARN_64_TO_32_BIT_CONVERSION = YES;
				GCC_WARN_ABOUT_RETURN_TYPE = YES_ERROR;
				GCC_WARN_UNDECLARED_SELECTOR = YES;
				GCC_WARN_UNINITIALIZED_AUTOS = YES_AGGRESSIVE;
				GCC_WARN_UNUSED_FUNCTION = YES;
				GCC_WARN_UNUSED_VARIABLE = YES;
				IPHONEOS_DEPLOYMENT_TARGET = 8.1;
				MTL_ENABLE_DEBUG_INFO = NO;
				SDKROOT = iphoneos;
				SWIFT_VERSION = 4.0;
				TARGETED_DEVICE_FAMILY = "1,2";
				VALIDATE_PRODUCT = YES;
				VALID_ARCHS = "armv7 armv7s arm64";
			};
			name = Release;
		};
		C47EDC2A1A4F477600770F2C /* Debug */ = {
			isa = XCBuildConfiguration;
			buildSettings = {
				ASSETCATALOG_COMPILER_APPICON_NAME = AppIcon;
				ASSETCATALOG_COMPILER_LAUNCHIMAGE_NAME = LaunchImage;
				CLANG_ENABLE_MODULES = YES;
				CODE_SIGN_IDENTITY = "iPhone Developer";
				"CODE_SIGN_IDENTITY[sdk=iphoneos*]" = "iPhone Developer";
				GCC_PREFIX_HEADER = "$(SRCROOT)/iOS/Supporting Files/Prefix.pch";
				INFOPLIST_FILE = "iOS/SuperNES-iphoneOS/Supporting Files/Info.plist";
				IPHONEOS_DEPLOYMENT_TARGET = 8.0;
				LD_RUNPATH_SEARCH_PATHS = "$(inherited) @executable_path/Frameworks";
				ONLY_ACTIVE_ARCH = YES;
				OTHER_CFLAGS = "${SNES_CFLAGS}";
				OTHER_LDFLAGS = (
					"-lstdc++",
					"-ObjC",
				);
				PRODUCT_BUNDLE_IDENTIFIER = com.kerrelinc.supernes;
				PRODUCT_NAME = "$(TARGET_NAME)";
				PROVISIONING_PROFILE = "";
				SWIFT_OBJC_BRIDGING_HEADER = "iOS/Supporting Files/SuperNES-Bridging-Header.h";
				SWIFT_OPTIMIZATION_LEVEL = "-Onone";
				VALID_ARCHS = "armv7 armv7s arm64";
			};
			name = Debug;
		};
		C47EDC2B1A4F477600770F2C /* Release */ = {
			isa = XCBuildConfiguration;
			buildSettings = {
				ASSETCATALOG_COMPILER_APPICON_NAME = AppIcon;
				ASSETCATALOG_COMPILER_LAUNCHIMAGE_NAME = LaunchImage;
				CLANG_ENABLE_MODULES = YES;
				CODE_SIGN_IDENTITY = "iPhone Developer";
				"CODE_SIGN_IDENTITY[sdk=iphoneos*]" = "iPhone Developer";
				GCC_PREFIX_HEADER = "$(SRCROOT)/iOS/Supporting Files/Prefix.pch";
				INFOPLIST_FILE = "iOS/SuperNES-iphoneOS/Supporting Files/Info.plist";
				IPHONEOS_DEPLOYMENT_TARGET = 8.0;
				LD_RUNPATH_SEARCH_PATHS = "$(inherited) @executable_path/Frameworks";
				ONLY_ACTIVE_ARCH = NO;
				OTHER_CFLAGS = "${SNES_CFLAGS}";
				OTHER_LDFLAGS = (
					"-lstdc++",
					"-ObjC",
				);
				PRODUCT_BUNDLE_IDENTIFIER = com.kerrelinc.supernes;
				PRODUCT_NAME = "$(TARGET_NAME)";
				PROVISIONING_PROFILE = "";
				SWIFT_OBJC_BRIDGING_HEADER = "iOS/Supporting Files/SuperNES-Bridging-Header.h";
				SWIFT_OPTIMIZATION_LEVEL = "-Owholemodule";
				VALID_ARCHS = "armv7 armv7s arm64";
			};
			name = Release;
		};
		C47EDC2D1A4F477600770F2C /* Debug */ = {
			isa = XCBuildConfiguration;
			buildSettings = {
				BUNDLE_LOADER = "$(TEST_HOST)";
				FRAMEWORK_SEARCH_PATHS = (
					"$(SDKROOT)/Developer/Library/Frameworks",
					"$(inherited)",
				);
				GCC_PREPROCESSOR_DEFINITIONS = (
					"DEBUG=1",
					"$(inherited)",
				);
				INFOPLIST_FILE = SuperNESTests/Info.plist;
				LD_RUNPATH_SEARCH_PATHS = "$(inherited) @executable_path/Frameworks @loader_path/Frameworks";
				PRODUCT_BUNDLE_IDENTIFIER = "com.snes9x.$(PRODUCT_NAME:rfc1034identifier)";
				PRODUCT_NAME = "$(TARGET_NAME)";
				TEST_HOST = "$(BUILT_PRODUCTS_DIR)/SuperNES.app/SuperNES";
				VALID_ARCHS = "armv7 armv7s arm64";
			};
			name = Debug;
		};
		C47EDC2E1A4F477600770F2C /* Release */ = {
			isa = XCBuildConfiguration;
			buildSettings = {
				BUNDLE_LOADER = "$(TEST_HOST)";
				FRAMEWORK_SEARCH_PATHS = (
					"$(SDKROOT)/Developer/Library/Frameworks",
					"$(inherited)",
				);
				INFOPLIST_FILE = SuperNESTests/Info.plist;
				LD_RUNPATH_SEARCH_PATHS = "$(inherited) @executable_path/Frameworks @loader_path/Frameworks";
				PRODUCT_BUNDLE_IDENTIFIER = "com.snes9x.$(PRODUCT_NAME:rfc1034identifier)";
				PRODUCT_NAME = "$(TARGET_NAME)";
				TEST_HOST = "$(BUILT_PRODUCTS_DIR)/SuperNES.app/SuperNES";
				VALID_ARCHS = "armv7 armv7s arm64";
			};
			name = Release;
		};
/* End XCBuildConfiguration section */

/* Begin XCConfigurationList section */
		A26BD2301BA1F011008EC2B9 /* Build configuration list for PBXNativeTarget "SuperNES-TV" */ = {
			isa = XCConfigurationList;
			buildConfigurations = (
				A26BD2311BA1F011008EC2B9 /* Debug */,
				A26BD2321BA1F011008EC2B9 /* Release */,
			);
			defaultConfigurationIsVisible = 0;
			defaultConfigurationName = Release;
		};
		C47EDC011A4F477600770F2C /* Build configuration list for PBXProject "SuperNES" */ = {
			isa = XCConfigurationList;
			buildConfigurations = (
				C47EDC271A4F477600770F2C /* Debug */,
				C47EDC281A4F477600770F2C /* Release */,
			);
			defaultConfigurationIsVisible = 0;
			defaultConfigurationName = Release;
		};
		C47EDC291A4F477600770F2C /* Build configuration list for PBXNativeTarget "SuperNES" */ = {
			isa = XCConfigurationList;
			buildConfigurations = (
				C47EDC2A1A4F477600770F2C /* Debug */,
				C47EDC2B1A4F477600770F2C /* Release */,
			);
			defaultConfigurationIsVisible = 0;
			defaultConfigurationName = Release;
		};
		C47EDC2C1A4F477600770F2C /* Build configuration list for PBXNativeTarget "SuperNESTests" */ = {
			isa = XCConfigurationList;
			buildConfigurations = (
				C47EDC2D1A4F477600770F2C /* Debug */,
				C47EDC2E1A4F477600770F2C /* Release */,
			);
			defaultConfigurationIsVisible = 0;
			defaultConfigurationName = Release;
		};
/* End XCConfigurationList section */
	};
	rootObject = C47EDBFE1A4F477600770F2C /* Project object */;
}
